// !$*UTF8*$!
{
	archiveVersion = 1;
	classes = {
	};
	objectVersion = 50;
	objects = {

/* Begin PBXBuildFile section */
		813F59EC273A1E5C00B75A07 /* AppDelegate.swift in Sources */ = {isa = PBXBuildFile; fileRef = 813F59EB273A1E5C00B75A07 /* AppDelegate.swift */; };
		813F59EE273A1E5C00B75A07 /* SceneDelegate.swift in Sources */ = {isa = PBXBuildFile; fileRef = 813F59ED273A1E5C00B75A07 /* SceneDelegate.swift */; };
		813F59F0273A1E5C00B75A07 /* ReminderListViewController.swift in Sources */ = {isa = PBXBuildFile; fileRef = 813F59EF273A1E5C00B75A07 /* ReminderListViewController.swift */; };
		813F59F3273A1E5C00B75A07 /* Main.storyboard in Resources */ = {isa = PBXBuildFile; fileRef = 813F59F1273A1E5C00B75A07 /* Main.storyboard */; };
		813F59F5273A1E5D00B75A07 /* Assets.xcassets in Resources */ = {isa = PBXBuildFile; fileRef = 813F59F4273A1E5D00B75A07 /* Assets.xcassets */; };
		813F59F8273A1E5D00B75A07 /* LaunchScreen.storyboard in Resources */ = {isa = PBXBuildFile; fileRef = 813F59F6273A1E5D00B75A07 /* LaunchScreen.storyboard */; };
		813F5A00273A230200B75A07 /* Reminder.swift in Sources */ = {isa = PBXBuildFile; fileRef = 813F59FF273A230200B75A07 /* Reminder.swift */; };
		813F5A02273A2E6B00B75A07 /* ReminderListCell.swift in Sources */ = {isa = PBXBuildFile; fileRef = 813F5A01273A2E6B00B75A07 /* ReminderListCell.swift */; };
		813F5A04273A54A600B75A07 /* ReminderDetailViewController.swift in Sources */ = {isa = PBXBuildFile; fileRef = 813F5A03273A54A600B75A07 /* ReminderDetailViewController.swift */; };
		81B6C441273DD7D800740111 /* ReminderListDataSource.swift in Sources */ = {isa = PBXBuildFile; fileRef = 81B6C440273DD7D800740111 /* ReminderListDataSource.swift */; };
		81B6C443273DDA8400740111 /* ReminderDetailViewDataSource.swift in Sources */ = {isa = PBXBuildFile; fileRef = 81B6C442273DDA8400740111 /* ReminderDetailViewDataSource.swift */; };
		81B6C446273DE3FD00740111 /* EditTitleCell.swift in Sources */ = {isa = PBXBuildFile; fileRef = 81B6C445273DE3FD00740111 /* EditTitleCell.swift */; };
		81B6C448273DE64A00740111 /* EditDateCell.swift in Sources */ = {isa = PBXBuildFile; fileRef = 81B6C447273DE64A00740111 /* EditDateCell.swift */; };
		81B6C44A273DE6C600740111 /* EditNotesCell.swift in Sources */ = {isa = PBXBuildFile; fileRef = 81B6C449273DE6C600740111 /* EditNotesCell.swift */; };
		81B6C44C273DEB0800740111 /* ReminderDetailEditDataSource.swift in Sources */ = {isa = PBXBuildFile; fileRef = 81B6C44B273DEB0800740111 /* ReminderDetailEditDataSource.swift */; };
/* End PBXBuildFile section */

/* Begin PBXFileReference section */
		813F59E8273A1E5C00B75A07 /* Today.app */ = {isa = PBXFileReference; explicitFileType = wrapper.application; includeInIndex = 0; path = Today.app; sourceTree = BUILT_PRODUCTS_DIR; };
		813F59EB273A1E5C00B75A07 /* AppDelegate.swift */ = {isa = PBXFileReference; lastKnownFileType = sourcecode.swift; path = AppDelegate.swift; sourceTree = "<group>"; };
		813F59ED273A1E5C00B75A07 /* SceneDelegate.swift */ = {isa = PBXFileReference; lastKnownFileType = sourcecode.swift; path = SceneDelegate.swift; sourceTree = "<group>"; };
		813F59EF273A1E5C00B75A07 /* ReminderListViewController.swift */ = {isa = PBXFileReference; explicitFileType = sourcecode.swift; path = ReminderListViewController.swift; sourceTree = "<group>"; };
		813F59F2273A1E5C00B75A07 /* Base */ = {isa = PBXFileReference; lastKnownFileType = file.storyboard; name = Base; path = Base.lproj/Main.storyboard; sourceTree = "<group>"; };
		813F59F4273A1E5D00B75A07 /* Assets.xcassets */ = {isa = PBXFileReference; lastKnownFileType = folder.assetcatalog; path = Assets.xcassets; sourceTree = "<group>"; };
		813F59F7273A1E5D00B75A07 /* Base */ = {isa = PBXFileReference; lastKnownFileType = file.storyboard; name = Base; path = Base.lproj/LaunchScreen.storyboard; sourceTree = "<group>"; };
		813F59F9273A1E5D00B75A07 /* Info.plist */ = {isa = PBXFileReference; lastKnownFileType = text.plist.xml; path = Info.plist; sourceTree = "<group>"; };
		813F59FF273A230200B75A07 /* Reminder.swift */ = {isa = PBXFileReference; lastKnownFileType = sourcecode.swift; path = Reminder.swift; sourceTree = "<group>"; };
		813F5A01273A2E6B00B75A07 /* ReminderListCell.swift */ = {isa = PBXFileReference; lastKnownFileType = sourcecode.swift; path = ReminderListCell.swift; sourceTree = "<group>"; };
		813F5A03273A54A600B75A07 /* ReminderDetailViewController.swift */ = {isa = PBXFileReference; lastKnownFileType = sourcecode.swift; path = ReminderDetailViewController.swift; sourceTree = "<group>"; };
		81B6C440273DD7D800740111 /* ReminderListDataSource.swift */ = {isa = PBXFileReference; lastKnownFileType = sourcecode.swift; path = ReminderListDataSource.swift; sourceTree = "<group>"; };
		81B6C442273DDA8400740111 /* ReminderDetailViewDataSource.swift */ = {isa = PBXFileReference; lastKnownFileType = sourcecode.swift; path = ReminderDetailViewDataSource.swift; sourceTree = "<group>"; };
		81B6C445273DE3FD00740111 /* EditTitleCell.swift */ = {isa = PBXFileReference; lastKnownFileType = sourcecode.swift; path = EditTitleCell.swift; sourceTree = "<group>"; };
		81B6C447273DE64A00740111 /* EditDateCell.swift */ = {isa = PBXFileReference; lastKnownFileType = sourcecode.swift; path = EditDateCell.swift; sourceTree = "<group>"; };
		81B6C449273DE6C600740111 /* EditNotesCell.swift */ = {isa = PBXFileReference; lastKnownFileType = sourcecode.swift; path = EditNotesCell.swift; sourceTree = "<group>"; };
		81B6C44B273DEB0800740111 /* ReminderDetailEditDataSource.swift */ = {isa = PBXFileReference; lastKnownFileType = sourcecode.swift; path = ReminderDetailEditDataSource.swift; sourceTree = "<group>"; };
/* End PBXFileReference section */

/* Begin PBXFrameworksBuildPhase section */
		813F59E5273A1E5C00B75A07 /* Frameworks */ = {
			isa = PBXFrameworksBuildPhase;
			buildActionMask = 2147483647;
			files = (
			);
			runOnlyForDeploymentPostprocessing = 0;
		};
/* End PBXFrameworksBuildPhase section */

/* Begin PBXGroup section */
		813F59DF273A1E5C00B75A07 = {
			isa = PBXGroup;
			children = (
				813F59EA273A1E5C00B75A07 /* Today */,
				813F59E9273A1E5C00B75A07 /* Products */,
			);
			sourceTree = "<group>";
		};
		813F59E9273A1E5C00B75A07 /* Products */ = {
			isa = PBXGroup;
			children = (
				813F59E8273A1E5C00B75A07 /* Today.app */,
			);
			name = Products;
			sourceTree = "<group>";
		};
		813F59EA273A1E5C00B75A07 /* Today */ = {
			isa = PBXGroup;
			children = (
				81B6C444273DE3AC00740111 /* Views */,
				813F59EB273A1E5C00B75A07 /* AppDelegate.swift */,
				813F59ED273A1E5C00B75A07 /* SceneDelegate.swift */,
				813F59EF273A1E5C00B75A07 /* ReminderListViewController.swift */,
				813F59FF273A230200B75A07 /* Reminder.swift */,
				813F5A03273A54A600B75A07 /* ReminderDetailViewController.swift */,
				813F59F1273A1E5C00B75A07 /* Main.storyboard */,
				813F59F4273A1E5D00B75A07 /* Assets.xcassets */,
				813F59F6273A1E5D00B75A07 /* LaunchScreen.storyboard */,
				813F59F9273A1E5D00B75A07 /* Info.plist */,
				81B6C440273DD7D800740111 /* ReminderListDataSource.swift */,
				81B6C442273DDA8400740111 /* ReminderDetailViewDataSource.swift */,
				81B6C44B273DEB0800740111 /* ReminderDetailEditDataSource.swift */,
			);
			path = Today;
			sourceTree = "<group>";
		};
		81B6C444273DE3AC00740111 /* Views */ = {
			isa = PBXGroup;
			children = (
				813F5A01273A2E6B00B75A07 /* ReminderListCell.swift */,
				81B6C445273DE3FD00740111 /* EditTitleCell.swift */,
				81B6C447273DE64A00740111 /* EditDateCell.swift */,
				81B6C449273DE6C600740111 /* EditNotesCell.swift */,
			);
			path = Views;
			sourceTree = "<group>";
		};
/* End PBXGroup section */

/* Begin PBXNativeTarget section */
		813F59E7273A1E5C00B75A07 /* Today */ = {
			isa = PBXNativeTarget;
			buildConfigurationList = 813F59FC273A1E5D00B75A07 /* Build configuration list for PBXNativeTarget "Today" */;
			buildPhases = (
				813F59E4273A1E5C00B75A07 /* Sources */,
				813F59E5273A1E5C00B75A07 /* Frameworks */,
				813F59E6273A1E5C00B75A07 /* Resources */,
			);
			buildRules = (
			);
			dependencies = (
			);
			name = Today;
			productName = Today;
			productReference = 813F59E8273A1E5C00B75A07 /* Today.app */;
			productType = "com.apple.product-type.application";
		};
/* End PBXNativeTarget section */

/* Begin PBXProject section */
		813F59E0273A1E5C00B75A07 /* Project object */ = {
			isa = PBXProject;
			attributes = {
				LastSwiftUpdateCheck = 1250;
				LastUpgradeCheck = 1250;
				TargetAttributes = {
					813F59E7273A1E5C00B75A07 = {
						CreatedOnToolsVersion = 12.5;
					};
				};
			};
			buildConfigurationList = 813F59E3273A1E5C00B75A07 /* Build configuration list for PBXProject "Today" */;
			compatibilityVersion = "Xcode 9.3";
			developmentRegion = en;
			hasScannedForEncodings = 0;
			knownRegions = (
				en,
				Base,
			);
			mainGroup = 813F59DF273A1E5C00B75A07;
			productRefGroup = 813F59E9273A1E5C00B75A07 /* Products */;
			projectDirPath = "";
			projectRoot = "";
			targets = (
				813F59E7273A1E5C00B75A07 /* Today */,
			);
		};
/* End PBXProject section */

/* Begin PBXResourcesBuildPhase section */
		813F59E6273A1E5C00B75A07 /* Resources */ = {
			isa = PBXResourcesBuildPhase;
			buildActionMask = 2147483647;
			files = (
				813F59F8273A1E5D00B75A07 /* LaunchScreen.storyboard in Resources */,
				813F59F5273A1E5D00B75A07 /* Assets.xcassets in Resources */,
				813F59F3273A1E5C00B75A07 /* Main.storyboard in Resources */,
			);
			runOnlyForDeploymentPostprocessing = 0;
		};
/* End PBXResourcesBuildPhase section */

/* Begin PBXSourcesBuildPhase section */
		813F59E4273A1E5C00B75A07 /* Sources */ = {
			isa = PBXSourcesBuildPhase;
			buildActionMask = 2147483647;
			files = (
				813F59F0273A1E5C00B75A07 /* ReminderListViewController.swift in Sources */,
				813F5A02273A2E6B00B75A07 /* ReminderListCell.swift in Sources */,
				81B6C446273DE3FD00740111 /* EditTitleCell.swift in Sources */,
				813F59EC273A1E5C00B75A07 /* AppDelegate.swift in Sources */,
				813F5A04273A54A600B75A07 /* ReminderDetailViewController.swift in Sources */,
				81B6C44C273DEB0800740111 /* ReminderDetailEditDataSource.swift in Sources */,
				81B6C443273DDA8400740111 /* ReminderDetailViewDataSource.swift in Sources */,
				813F59EE273A1E5C00B75A07 /* SceneDelegate.swift in Sources */,
				81B6C44A273DE6C600740111 /* EditNotesCell.swift in Sources */,
				81B6C448273DE64A00740111 /* EditDateCell.swift in Sources */,
				813F5A00273A230200B75A07 /* Reminder.swift in Sources */,
				81B6C441273DD7D800740111 /* ReminderListDataSource.swift in Sources */,
			);
			runOnlyForDeploymentPostprocessing = 0;
		};
/* End PBXSourcesBuildPhase section */

/* Begin PBXVariantGroup section */
		813F59F1273A1E5C00B75A07 /* Main.storyboard */ = {
			isa = PBXVariantGroup;
			children = (
				813F59F2273A1E5C00B75A07 /* Base */,
			);
			name = Main.storyboard;
			sourceTree = "<group>";
		};
		813F59F6273A1E5D00B75A07 /* LaunchScreen.storyboard */ = {
			isa = PBXVariantGroup;
			children = (
				813F59F7273A1E5D00B75A07 /* Base */,
			);
			name = LaunchScreen.storyboard;
			sourceTree = "<group>";
		};
/* End PBXVariantGroup section */

/* Begin XCBuildConfiguration section */
		813F59FA273A1E5D00B75A07 /* Debug */ = {
			isa = XCBuildConfiguration;
			buildSettings = {
				ALWAYS_SEARCH_USER_PATHS = NO;
				CLANG_ANALYZER_NONNULL = YES;
				CLANG_ANALYZER_NUMBER_OBJECT_CONVERSION = YES_AGGRESSIVE;
				CLANG_CXX_LANGUAGE_STANDARD = "gnu++14";
				CLANG_CXX_LIBRARY = "libc++";
				CLANG_ENABLE_MODULES = YES;
				CLANG_ENABLE_OBJC_ARC = YES;
				CLANG_ENABLE_OBJC_WEAK = YES;
				CLANG_WARN_BLOCK_CAPTURE_AUTORELEASING = YES;
				CLANG_WARN_BOOL_CONVERSION = YES;
				CLANG_WARN_COMMA = YES;
				CLANG_WARN_CONSTANT_CONVERSION = YES;
				CLANG_WARN_DEPRECATED_OBJC_IMPLEMENTATIONS = YES;
				CLANG_WARN_DIRECT_OBJC_ISA_USAGE = YES_ERROR;
				CLANG_WARN_DOCUMENTATION_COMMENTS = YES;
				CLANG_WARN_EMPTY_BODY = YES;
				CLANG_WARN_ENUM_CONVERSION = YES;
				CLANG_WARN_INFINITE_RECURSION = YES;
				CLANG_WARN_INT_CONVERSION = YES;
				CLANG_WARN_NON_LITERAL_NULL_CONVERSION = YES;
				CLANG_WARN_OBJC_IMPLICIT_RETAIN_SELF = YES;
				CLANG_WARN_OBJC_LITERAL_CONVERSION = YES;
				CLANG_WARN_OBJC_ROOT_CLASS = YES_ERROR;
				CLANG_WARN_QUOTED_INCLUDE_IN_FRAMEWORK_HEADER = YES;
				CLANG_WARN_RANGE_LOOP_ANALYSIS = YES;
				CLANG_WARN_STRICT_PROTOTYPES = YES;
				CLANG_WARN_SUSPICIOUS_MOVE = YES;
				CLANG_WARN_UNGUARDED_AVAILABILITY = YES_AGGRESSIVE;
				CLANG_WARN_UNREACHABLE_CODE = YES;
				CLANG_WARN__DUPLICATE_METHOD_MATCH = YES;
				COPY_PHASE_STRIP = NO;
				DEBUG_INFORMATION_FORMAT = dwarf;
				ENABLE_STRICT_OBJC_MSGSEND = YES;
				ENABLE_TESTABILITY = YES;
				GCC_C_LANGUAGE_STANDARD = gnu11;
				GCC_DYNAMIC_NO_PIC = NO;
				GCC_NO_COMMON_BLOCKS = YES;
				GCC_OPTIMIZATION_LEVEL = 0;
				GCC_PREPROCESSOR_DEFINITIONS = (
					"DEBUG=1",
					"$(inherited)",
				);
				GCC_WARN_64_TO_32_BIT_CONVERSION = YES;
				GCC_WARN_ABOUT_RETURN_TYPE = YES_ERROR;
				GCC_WARN_UNDECLARED_SELECTOR = YES;
				GCC_WARN_UNINITIALIZED_AUTOS = YES_AGGRESSIVE;
				GCC_WARN_UNUSED_FUNCTION = YES;
				GCC_WARN_UNUSED_VARIABLE = YES;
				IPHONEOS_DEPLOYMENT_TARGET = 14.5;
				MTL_ENABLE_DEBUG_INFO = INCLUDE_SOURCE;
				MTL_FAST_MATH = YES;
				ONLY_ACTIVE_ARCH = YES;
				SDKROOT = iphoneos;
				SWIFT_ACTIVE_COMPILATION_CONDITIONS = DEBUG;
				SWIFT_OPTIMIZATION_LEVEL = "-Onone";
			};
			name = Debug;
		};
		813F59FB273A1E5D00B75A07 /* Release */ = {
			isa = XCBuildConfiguration;
			buildSettings = {
				ALWAYS_SEARCH_USER_PATHS = NO;
				CLANG_ANALYZER_NONNULL = YES;
				CLANG_ANALYZER_NUMBER_OBJECT_CONVERSION = YES_AGGRESSIVE;
				CLANG_CXX_LANGUAGE_STANDARD = "gnu++14";
				CLANG_CXX_LIBRARY = "libc++";
				CLANG_ENABLE_MODULES = YES;
				CLANG_ENABLE_OBJC_ARC = YES;
				CLANG_ENABLE_OBJC_WEAK = YES;
				CLANG_WARN_BLOCK_CAPTURE_AUTORELEASING = YES;
				CLANG_WARN_BOOL_CONVERSION = YES;
				CLANG_WARN_COMMA = YES;
				CLANG_WARN_CONSTANT_CONVERSION = YES;
				CLANG_WARN_DEPRECATED_OBJC_IMPLEMENTATIONS = YES;
				CLANG_WARN_DIRECT_OBJC_ISA_USAGE = YES_ERROR;
				CLANG_WARN_DOCUMENTATION_COMMENTS = YES;
				CLANG_WARN_EMPTY_BODY = YES;
				CLANG_WARN_ENUM_CONVERSION = YES;
				CLANG_WARN_INFINITE_RECURSION = YES;
				CLANG_WARN_INT_CONVERSION = YES;
				CLANG_WARN_NON_LITERAL_NULL_CONVERSION = YES;
				CLANG_WARN_OBJC_IMPLICIT_RETAIN_SELF = YES;
				CLANG_WARN_OBJC_LITERAL_CONVERSION = YES;
				CLANG_WARN_OBJC_ROOT_CLASS = YES_ERROR;
				CLANG_WARN_QUOTED_INCLUDE_IN_FRAMEWORK_HEADER = YES;
				CLANG_WARN_RANGE_LOOP_ANALYSIS = YES;
				CLANG_WARN_STRICT_PROTOTYPES = YES;
				CLANG_WARN_SUSPICIOUS_MOVE = YES;
				CLANG_WARN_UNGUARDED_AVAILABILITY = YES_AGGRESSIVE;
				CLANG_WARN_UNREACHABLE_CODE = YES;
				CLANG_WARN__DUPLICATE_METHOD_MATCH = YES;
				COPY_PHASE_STRIP = NO;
				DEBUG_INFORMATION_FORMAT = "dwarf-with-dsym";
				ENABLE_NS_ASSERTIONS = NO;
				ENABLE_STRICT_OBJC_MSGSEND = YES;
				GCC_C_LANGUAGE_STANDARD = gnu11;
				GCC_NO_COMMON_BLOCKS = YES;
				GCC_WARN_64_TO_32_BIT_CONVERSION = YES;
				GCC_WARN_ABOUT_RETURN_TYPE = YES_ERROR;
				GCC_WARN_UNDECLARED_SELECTOR = YES;
				GCC_WARN_UNINITIALIZED_AUTOS = YES_AGGRESSIVE;
				GCC_WARN_UNUSED_FUNCTION = YES;
				GCC_WARN_UNUSED_VARIABLE = YES;
				IPHONEOS_DEPLOYMENT_TARGET = 14.5;
				MTL_ENABLE_DEBUG_INFO = NO;
				MTL_FAST_MATH = YES;
				SDKROOT = iphoneos;
				SWIFT_COMPILATION_MODE = wholemodule;
				SWIFT_OPTIMIZATION_LEVEL = "-O";
				VALIDATE_PRODUCT = YES;
			};
			name = Release;
		};
		813F59FD273A1E5D00B75A07 /* Debug */ = {
			isa = XCBuildConfiguration;
			buildSettings = {
				ASSETCATALOG_COMPILER_APPICON_NAME = AppIcon;
				ASSETCATALOG_COMPILER_GLOBAL_ACCENT_COLOR_NAME = AccentColor;
				CODE_SIGN_STYLE = Automatic;
				INFOPLIST_FILE = Today/Info.plist;
				LD_RUNPATH_SEARCH_PATHS = (
					"$(inherited)",
					"@executable_path/Frameworks",
				);
				PRODUCT_BUNDLE_IDENTIFIER = com.example.yuheng.Today;
				PRODUCT_NAME = "$(TARGET_NAME)";
				SWIFT_VERSION = 5.0;
				TARGETED_DEVICE_FAMILY = "1,2";
			};
			name = Debug;
		};
		813F59FE273A1E5D00B75A07 /* Release */ = {
			isa = XCBuildConfiguration;
			buildSettings = {
				ASSETCATALOG_COMPILER_APPICON_NAME = AppIcon;
				ASSETCATALOG_COMPILER_GLOBAL_ACCENT_COLOR_NAME = AccentColor;
				CODE_SIGN_STYLE = Automatic;
				INFOPLIST_FILE = Today/Info.plist;
				LD_RUNPATH_SEARCH_PATHS = (
					"$(inherited)",
					"@executable_path/Frameworks",
				);
				PRODUCT_BUNDLE_IDENTIFIER = com.example.yuheng.Today;
				PRODUCT_NAME = "$(TARGET_NAME)";
				SWIFT_VERSION = 5.0;
				TARGETED_DEVICE_FAMILY = "1,2";
			};
			name = Release;
		};
/* End XCBuildConfiguration section */

/* Begin XCConfigurationList section */
		813F59E3273A1E5C00B75A07 /* Build configuration list for PBXProject "Today" */ = {
			isa = XCConfigurationList;
			buildConfigurations = (
				813F59FA273A1E5D00B75A07 /* Debug */,
				813F59FB273A1E5D00B75A07 /* Release */,
			);
			defaultConfigurationIsVisible = 0;
			defaultConfigurationName = Release;
		};
		813F59FC273A1E5D00B75A07 /* Build configuration list for PBXNativeTarget "Today" */ = {
			isa = XCConfigurationList;
			buildConfigurations = (
				813F59FD273A1E5D00B75A07 /* Debug */,
				813F59FE273A1E5D00B75A07 /* Release */,
			);
			defaultConfigurationIsVisible = 0;
			defaultConfigurationName = Release;
		};
/* End XCConfigurationList section */
	};
	rootObject = 813F59E0273A1E5C00B75A07 /* Project object */;
}
